
Microsoft Visual Studio Solution File, Format Version 12.00
# Visual Studio Version 17
VisualStudioVersion = 17.5.2.0
MinimumVisualStudioVersion = 10.0.40219.1
Project("{FAE04EC0-301F-11D3-BF4B-00C04F79EFBC}") = "практика 2", "практика 2.csproj", "{31F00DE6-A904-6F56-721A-20A615025D21}"
EndProject
Global
	GlobalSection(SolutionConfigurationPlatforms) = preSolution
		Debug|Any CPU = Debug|Any CPU
		Release|Any CPU = Release|Any CPU
	EndGlobalSection
	GlobalSection(ProjectConfigurationPlatforms) = postSolution
		{31F00DE6-A904-6F56-721A-20A615025D21}.Debug|Any CPU.ActiveCfg = Debug|Any CPU
		{31F00DE6-A904-6F56-721A-20A615025D21}.Debug|Any CPU.Build.0 = Debug|Any CPU
		{31F00DE6-A904-6F56-721A-20A615025D21}.Release|Any CPU.ActiveCfg = Release|Any CPU
		{31F00DE6-A904-6F56-721A-20A615025D21}.Release|Any CPU.Build.0 = Release|Any CPU
	EndGlobalSection
	GlobalSection(SolutionProperties) = preSolution
		HideSolutionNode = FALSE
	EndGlobalSection
	GlobalSection(ExtensibilityGlobals) = postSolution
		SolutionGuid = {8E9C041F-F8F1-404B-9898-91C06105D83C}
	EndGlobalSection
EndGlobal
